
Microsoft Visual Studio Solution File, Format Version 12.00
# Visual Studio Version 17
VisualStudioVersion = 17.0.31903.59
MinimumVisualStudioVersion = 10.0.40219.1
Project("{FAE04EC0-301F-11D3-BF4B-00C04F79EFBC}") = "LAB_2", "LAB_2\LAB_2.csproj", "{151CC344-F0D4-4E69-AB20-16E530453904}"
EndProject
Project("{FAE04EC0-301F-11D3-BF4B-00C04F79EFBC}") = "LAB_3", "LAB_3\LAB_3.csproj", "{6C3F2CF2-B445-4CD9-AB72-C1FDDB1E180E}"
EndProject
Project("{FAE04EC0-301F-11D3-BF4B-00C04F79EFBC}") = "LAB_4", "LAB_4\LAB_4.csproj", "{1A2712CD-9D07-41B5-A4B2-C2530F18431D}"
EndProject
Project("{FAE04EC0-301F-11D3-BF4B-00C04F79EFBC}") = "LAB_5", "LAB_5\LAB_5.csproj", "{9B7A081C-CFBE-414E-8F3B-9C3F0514C2CF}"
EndProject
Project("{FAE04EC0-301F-11D3-BF4B-00C04F79EFBC}") = "LAB_6", "LAB_6\LAB_6.csproj", "{F4233D43-BAE1-40CD-8B6A-34300E489060}"
EndProject
Project("{FAE04EC0-301F-11D3-BF4B-00C04F79EFBC}") = "LAB_7", "LAB_7\LAB_7.csproj", "{FE6B6EA6-A715-4ACD-8FC7-486A6189F9AE}"
EndProject
Project("{FAE04EC0-301F-11D3-BF4B-00C04F79EFBC}") = "LAB_8", "LAB_8\LAB_8.csproj", "{916D3310-5450-48F5-AC5B-AAA9F7B5BBDE}"
EndProject
Project("{FAE04EC0-301F-11D3-BF4B-00C04F79EFBC}") = "LAB_9", "LAB_9\LAB_9.csproj", "{B13C94FF-4635-43DC-BB00-D4D2911697BE}"
EndProject
Project("{FAE04EC0-301F-11D3-BF4B-00C04F79EFBC}") = "LAB_10", "LAB_10\LAB_10.csproj", "{B0B5E772-41EE-433C-A2CC-A7C8328A5CE8}"
EndProject
Project("{FAE04EC0-301F-11D3-BF4B-00C04F79EFBC}") = "LAB_11", "LAB_11\LAB_11.csproj", "{39D3DB0E-A446-4287-9FAB-726EB9CAD6FA}"
EndProject
Project("{FAE04EC0-301F-11D3-BF4B-00C04F79EFBC}") = "LAB_12", "LAB_12\LAB_12.csproj", "{93C46877-02C0-433D-8B9C-00725B2376B6}"
EndProject
Global
	GlobalSection(SolutionConfigurationPlatforms) = preSolution
		Debug|Any CPU = Debug|Any CPU
		Debug|x64 = Debug|x64
		Debug|x86 = Debug|x86
		Release|Any CPU = Release|Any CPU
		Release|x64 = Release|x64
		Release|x86 = Release|x86
	EndGlobalSection
	GlobalSection(ProjectConfigurationPlatforms) = postSolution
		{151CC344-F0D4-4E69-AB20-16E530453904}.Debug|Any CPU.ActiveCfg = Debug|Any CPU
		{151CC344-F0D4-4E69-AB20-16E530453904}.Debug|Any CPU.Build.0 = Debug|Any CPU
		{151CC344-F0D4-4E69-AB20-16E530453904}.Debug|x64.ActiveCfg = Debug|Any CPU
		{151CC344-F0D4-4E69-AB20-16E530453904}.Debug|x64.Build.0 = Debug|Any CPU
		{151CC344-F0D4-4E69-AB20-16E530453904}.Debug|x86.ActiveCfg = Debug|Any CPU
		{151CC344-F0D4-4E69-AB20-16E530453904}.Debug|x86.Build.0 = Debug|Any CPU
		{151CC344-F0D4-4E69-AB20-16E530453904}.Release|Any CPU.ActiveCfg = Release|Any CPU
		{151CC344-F0D4-4E69-AB20-16E530453904}.Release|Any CPU.Build.0 = Release|Any CPU
		{151CC344-F0D4-4E69-AB20-16E530453904}.Release|x64.ActiveCfg = Release|Any CPU
		{151CC344-F0D4-4E69-AB20-16E530453904}.Release|x64.Build.0 = Release|Any CPU
		{151CC344-F0D4-4E69-AB20-16E530453904}.Release|x86.ActiveCfg = Release|Any CPU
		{151CC344-F0D4-4E69-AB20-16E530453904}.Release|x86.Build.0 = Release|Any CPU
		{6C3F2CF2-B445-4CD9-AB72-C1FDDB1E180E}.Debug|Any CPU.ActiveCfg = Debug|Any CPU
		{6C3F2CF2-B445-4CD9-AB72-C1FDDB1E180E}.Debug|Any CPU.Build.0 = Debug|Any CPU
		{6C3F2CF2-B445-4CD9-AB72-C1FDDB1E180E}.Debug|x64.ActiveCfg = Debug|Any CPU
		{6C3F2CF2-B445-4CD9-AB72-C1FDDB1E180E}.Debug|x64.Build.0 = Debug|Any CPU
		{6C3F2CF2-B445-4CD9-AB72-C1FDDB1E180E}.Debug|x86.ActiveCfg = Debug|Any CPU
		{6C3F2CF2-B445-4CD9-AB72-C1FDDB1E180E}.Debug|x86.Build.0 = Debug|Any CPU
		{6C3F2CF2-B445-4CD9-AB72-C1FDDB1E180E}.Release|Any CPU.ActiveCfg = Release|Any CPU
		{6C3F2CF2-B445-4CD9-AB72-C1FDDB1E180E}.Release|Any CPU.Build.0 = Release|Any CPU
		{6C3F2CF2-B445-4CD9-AB72-C1FDDB1E180E}.Release|x64.ActiveCfg = Release|Any CPU
		{6C3F2CF2-B445-4CD9-AB72-C1FDDB1E180E}.Release|x64.Build.0 = Release|Any CPU
		{6C3F2CF2-B445-4CD9-AB72-C1FDDB1E180E}.Release|x86.ActiveCfg = Release|Any CPU
		{6C3F2CF2-B445-4CD9-AB72-C1FDDB1E180E}.Release|x86.Build.0 = Release|Any CPU
		{1A2712CD-9D07-41B5-A4B2-C2530F18431D}.Debug|Any CPU.ActiveCfg = Debug|Any CPU
		{1A2712CD-9D07-41B5-A4B2-C2530F18431D}.Debug|Any CPU.Build.0 = Debug|Any CPU
		{1A2712CD-9D07-41B5-A4B2-C2530F18431D}.Debug|x64.ActiveCfg = Debug|Any CPU
		{1A2712CD-9D07-41B5-A4B2-C2530F18431D}.Debug|x64.Build.0 = Debug|Any CPU
		{1A2712CD-9D07-41B5-A4B2-C2530F18431D}.Debug|x86.ActiveCfg = Debug|Any CPU
		{1A2712CD-9D07-41B5-A4B2-C2530F18431D}.Debug|x86.Build.0 = Debug|Any CPU
		{1A2712CD-9D07-41B5-A4B2-C2530F18431D}.Release|Any CPU.ActiveCfg = Release|Any CPU
		{1A2712CD-9D07-41B5-A4B2-C2530F18431D}.Release|Any CPU.Build.0 = Release|Any CPU
		{1A2712CD-9D07-41B5-A4B2-C2530F18431D}.Release|x64.ActiveCfg = Release|Any CPU
		{1A2712CD-9D07-41B5-A4B2-C2530F18431D}.Release|x64.Build.0 = Release|Any CPU
		{1A2712CD-9D07-41B5-A4B2-C2530F18431D}.Release|x86.ActiveCfg = Release|Any CPU
		{1A2712CD-9D07-41B5-A4B2-C2530F18431D}.Release|x86.Build.0 = Release|Any CPU
		{9B7A081C-CFBE-414E-8F3B-9C3F0514C2CF}.Debug|Any CPU.ActiveCfg = Debug|Any CPU
		{9B7A081C-CFBE-414E-8F3B-9C3F0514C2CF}.Debug|Any CPU.Build.0 = Debug|Any CPU
		{9B7A081C-CFBE-414E-8F3B-9C3F0514C2CF}.Debug|x64.ActiveCfg = Debug|Any CPU
		{9B7A081C-CFBE-414E-8F3B-9C3F0514C2CF}.Debug|x64.Build.0 = Debug|Any CPU
		{9B7A081C-CFBE-414E-8F3B-9C3F0514C2CF}.Debug|x86.ActiveCfg = Debug|Any CPU
		{9B7A081C-CFBE-414E-8F3B-9C3F0514C2CF}.Debug|x86.Build.0 = Debug|Any CPU
		{9B7A081C-CFBE-414E-8F3B-9C3F0514C2CF}.Release|Any CPU.ActiveCfg = Release|Any CPU
		{9B7A081C-CFBE-414E-8F3B-9C3F0514C2CF}.Release|Any CPU.Build.0 = Release|Any CPU
		{9B7A081C-CFBE-414E-8F3B-9C3F0514C2CF}.Release|x64.ActiveCfg = Release|Any CPU
		{9B7A081C-CFBE-414E-8F3B-9C3F0514C2CF}.Release|x64.Build.0 = Release|Any CPU
		{9B7A081C-CFBE-414E-8F3B-9C3F0514C2CF}.Release|x86.ActiveCfg = Release|Any CPU
		{9B7A081C-CFBE-414E-8F3B-9C3F0514C2CF}.Release|x86.Build.0 = Release|Any CPU
		{F4233D43-BAE1-40CD-8B6A-34300E489060}.Debug|Any CPU.ActiveCfg = Debug|Any CPU
		{F4233D43-BAE1-40CD-8B6A-34300E489060}.Debug|Any CPU.Build.0 = Debug|Any CPU
		{F4233D43-BAE1-40CD-8B6A-34300E489060}.Debug|x64.ActiveCfg = Debug|Any CPU
		{F4233D43-BAE1-40CD-8B6A-34300E489060}.Debug|x64.Build.0 = Debug|Any CPU
		{F4233D43-BAE1-40CD-8B6A-34300E489060}.Debug|x86.ActiveCfg = Debug|Any CPU
		{F4233D43-BAE1-40CD-8B6A-34300E489060}.Debug|x86.Build.0 = Debug|Any CPU
		{F4233D43-BAE1-40CD-8B6A-34300E489060}.Release|Any CPU.ActiveCfg = Release|Any CPU
		{F4233D43-BAE1-40CD-8B6A-34300E489060}.Release|Any CPU.Build.0 = Release|Any CPU
		{F4233D43-BAE1-40CD-8B6A-34300E489060}.Release|x64.ActiveCfg = Release|Any CPU
		{F4233D43-BAE1-40CD-8B6A-34300E489060}.Release|x64.Build.0 = Release|Any CPU
		{F4233D43-BAE1-40CD-8B6A-34300E489060}.Release|x86.ActiveCfg = Release|Any CPU
		{F4233D43-BAE1-40CD-8B6A-34300E489060}.Release|x86.Build.0 = Release|Any CPU
		{FE6B6EA6-A715-4ACD-8FC7-486A6189F9AE}.Debug|Any CPU.ActiveCfg = Debug|Any CPU
		{FE6B6EA6-A715-4ACD-8FC7-486A6189F9AE}.Debug|Any CPU.Build.0 = Debug|Any CPU
		{FE6B6EA6-A715-4ACD-8FC7-486A6189F9AE}.Debug|x64.ActiveCfg = Debug|Any CPU
		{FE6B6EA6-A715-4ACD-8FC7-486A6189F9AE}.Debug|x64.Build.0 = Debug|Any CPU
		{FE6B6EA6-A715-4ACD-8FC7-486A6189F9AE}.Debug|x86.ActiveCfg = Debug|Any CPU
		{FE6B6EA6-A715-4ACD-8FC7-486A6189F9AE}.Debug|x86.Build.0 = Debug|Any CPU
		{FE6B6EA6-A715-4ACD-8FC7-486A6189F9AE}.Release|Any CPU.ActiveCfg = Release|Any CPU
		{FE6B6EA6-A715-4ACD-8FC7-486A6189F9AE}.Release|Any CPU.Build.0 = Release|Any CPU
		{FE6B6EA6-A715-4ACD-8FC7-486A6189F9AE}.Release|x64.ActiveCfg = Release|Any CPU
		{FE6B6EA6-A715-4ACD-8FC7-486A6189F9AE}.Release|x64.Build.0 = Release|Any CPU
		{FE6B6EA6-A715-4ACD-8FC7-486A6189F9AE}.Release|x86.ActiveCfg = Release|Any CPU
		{FE6B6EA6-A715-4ACD-8FC7-486A6189F9AE}.Release|x86.Build.0 = Release|Any CPU
		{916D3310-5450-48F5-AC5B-AAA9F7B5BBDE}.Debug|Any CPU.ActiveCfg = Debug|Any CPU
		{916D3310-5450-48F5-AC5B-AAA9F7B5BBDE}.Debug|Any CPU.Build.0 = Debug|Any CPU
		{916D3310-5450-48F5-AC5B-AAA9F7B5BBDE}.Debug|x64.ActiveCfg = Debug|Any CPU
		{916D3310-5450-48F5-AC5B-AAA9F7B5BBDE}.Debug|x64.Build.0 = Debug|Any CPU
		{916D3310-5450-48F5-AC5B-AAA9F7B5BBDE}.Debug|x86.ActiveCfg = Debug|Any CPU
		{916D3310-5450-48F5-AC5B-AAA9F7B5BBDE}.Debug|x86.Build.0 = Debug|Any CPU
		{916D3310-5450-48F5-AC5B-AAA9F7B5BBDE}.Release|Any CPU.ActiveCfg = Release|Any CPU
		{916D3310-5450-48F5-AC5B-AAA9F7B5BBDE}.Release|Any CPU.Build.0 = Release|Any CPU
		{916D3310-5450-48F5-AC5B-AAA9F7B5BBDE}.Release|x64.ActiveCfg = Release|Any CPU
		{916D3310-5450-48F5-AC5B-AAA9F7B5BBDE}.Release|x64.Build.0 = Release|Any CPU
		{916D3310-5450-48F5-AC5B-AAA9F7B5BBDE}.Release|x86.ActiveCfg = Release|Any CPU
		{916D3310-5450-48F5-AC5B-AAA9F7B5BBDE}.Release|x86.Build.0 = Release|Any CPU
		{B13C94FF-4635-43DC-BB00-D4D2911697BE}.Debug|Any CPU.ActiveCfg = Debug|Any CPU
		{B13C94FF-4635-43DC-BB00-D4D2911697BE}.Debug|Any CPU.Build.0 = Debug|Any CPU
		{B13C94FF-4635-43DC-BB00-D4D2911697BE}.Debug|x64.ActiveCfg = Debug|Any CPU
		{B13C94FF-4635-43DC-BB00-D4D2911697BE}.Debug|x64.Build.0 = Debug|Any CPU
		{B13C94FF-4635-43DC-BB00-D4D2911697BE}.Debug|x86.ActiveCfg = Debug|Any CPU
		{B13C94FF-4635-43DC-BB00-D4D2911697BE}.Debug|x86.Build.0 = Debug|Any CPU
		{B13C94FF-4635-43DC-BB00-D4D2911697BE}.Release|Any CPU.ActiveCfg = Release|Any CPU
		{B13C94FF-4635-43DC-BB00-D4D2911697BE}.Release|Any CPU.Build.0 = Release|Any CPU
		{B13C94FF-4635-43DC-BB00-D4D2911697BE}.Release|x64.ActiveCfg = Release|Any CPU
		{B13C94FF-4635-43DC-BB00-D4D2911697BE}.Release|x64.Build.0 = Release|Any CPU
		{B13C94FF-4635-43DC-BB00-D4D2911697BE}.Release|x86.ActiveCfg = Release|Any CPU
		{B13C94FF-4635-43DC-BB00-D4D2911697BE}.Release|x86.Build.0 = Release|Any CPU
		{B0B5E772-41EE-433C-A2CC-A7C8328A5CE8}.Debug|Any CPU.ActiveCfg = Debug|Any CPU
		{B0B5E772-41EE-433C-A2CC-A7C8328A5CE8}.Debug|Any CPU.Build.0 = Debug|Any CPU
		{B0B5E772-41EE-433C-A2CC-A7C8328A5CE8}.Debug|x64.ActiveCfg = Debug|Any CPU
		{B0B5E772-41EE-433C-A2CC-A7C8328A5CE8}.Debug|x64.Build.0 = Debug|Any CPU
		{B0B5E772-41EE-433C-A2CC-A7C8328A5CE8}.Debug|x86.ActiveCfg = Debug|Any CPU
		{B0B5E772-41EE-433C-A2CC-A7C8328A5CE8}.Debug|x86.Build.0 = Debug|Any CPU
		{B0B5E772-41EE-433C-A2CC-A7C8328A5CE8}.Release|Any CPU.ActiveCfg = Release|Any CPU
		{B0B5E772-41EE-433C-A2CC-A7C8328A5CE8}.Release|Any CPU.Build.0 = Release|Any CPU
		{B0B5E772-41EE-433C-A2CC-A7C8328A5CE8}.Release|x64.ActiveCfg = Release|Any CPU
		{B0B5E772-41EE-433C-A2CC-A7C8328A5CE8}.Release|x64.Build.0 = Release|Any CPU
		{B0B5E772-41EE-433C-A2CC-A7C8328A5CE8}.Release|x86.ActiveCfg = Release|Any CPU
		{B0B5E772-41EE-433C-A2CC-A7C8328A5CE8}.Release|x86.Build.0 = Release|Any CPU
		{39D3DB0E-A446-4287-9FAB-726EB9CAD6FA}.Debug|Any CPU.ActiveCfg = Debug|Any CPU
		{39D3DB0E-A446-4287-9FAB-726EB9CAD6FA}.Debug|Any CPU.Build.0 = Debug|Any CPU
		{39D3DB0E-A446-4287-9FAB-726EB9CAD6FA}.Debug|x64.ActiveCfg = Debug|Any CPU
		{39D3DB0E-A446-4287-9FAB-726EB9CAD6FA}.Debug|x64.Build.0 = Debug|Any CPU
		{39D3DB0E-A446-4287-9FAB-726EB9CAD6FA}.Debug|x86.ActiveCfg = Debug|Any CPU
		{39D3DB0E-A446-4287-9FAB-726EB9CAD6FA}.Debug|x86.Build.0 = Debug|Any CPU
		{39D3DB0E-A446-4287-9FAB-726EB9CAD6FA}.Release|Any CPU.ActiveCfg = Release|Any CPU
		{39D3DB0E-A446-4287-9FAB-726EB9CAD6FA}.Release|Any CPU.Build.0 = Release|Any CPU
		{39D3DB0E-A446-4287-9FAB-726EB9CAD6FA}.Release|x64.ActiveCfg = Release|Any CPU
		{39D3DB0E-A446-4287-9FAB-726EB9CAD6FA}.Release|x64.Build.0 = Release|Any CPU
		{39D3DB0E-A446-4287-9FAB-726EB9CAD6FA}.Release|x86.ActiveCfg = Release|Any CPU
		{39D3DB0E-A446-4287-9FAB-726EB9CAD6FA}.Release|x86.Build.0 = Release|Any CPU
		{93C46877-02C0-433D-8B9C-00725B2376B6}.Debug|Any CPU.ActiveCfg = Debug|Any CPU
		{93C46877-02C0-433D-8B9C-00725B2376B6}.Debug|Any CPU.Build.0 = Debug|Any CPU
		{93C46877-02C0-433D-8B9C-00725B2376B6}.Debug|x64.ActiveCfg = Debug|Any CPU
		{93C46877-02C0-433D-8B9C-00725B2376B6}.Debug|x64.Build.0 = Debug|Any CPU
		{93C46877-02C0-433D-8B9C-00725B2376B6}.Debug|x86.ActiveCfg = Debug|Any CPU
		{93C46877-02C0-433D-8B9C-00725B2376B6}.Debug|x86.Build.0 = Debug|Any CPU
		{93C46877-02C0-433D-8B9C-00725B2376B6}.Release|Any CPU.ActiveCfg = Release|Any CPU
		{93C46877-02C0-433D-8B9C-00725B2376B6}.Release|Any CPU.Build.0 = Release|Any CPU
		{93C46877-02C0-433D-8B9C-00725B2376B6}.Release|x64.ActiveCfg = Release|Any CPU
		{93C46877-02C0-433D-8B9C-00725B2376B6}.Release|x64.Build.0 = Release|Any CPU
		{93C46877-02C0-433D-8B9C-00725B2376B6}.Release|x86.ActiveCfg = Release|Any CPU
		{93C46877-02C0-433D-8B9C-00725B2376B6}.Release|x86.Build.0 = Release|Any CPU
	EndGlobalSection
	GlobalSection(SolutionProperties) = preSolution
		HideSolutionNode = FALSE
	EndGlobalSection
EndGlobal
