
Microsoft Visual Studio Solution File, Format Version 12.00
# Visual Studio Version 17
VisualStudioVersion = 17.0.31903.59
MinimumVisualStudioVersion = 10.0.40219.1
Project("{FAE04EC0-301F-11D3-BF4B-00C04F79EFBC}") = "LAB_2", "LAB_2\LAB_2.csproj", "{151CC344-F0D4-4E69-AB20-16E530453904}"
EndProject
Project("{FAE04EC0-301F-11D3-BF4B-00C04F79EFBC}") = "LAB_3", "LAB_3\LAB_3.csproj", "{6C3F2CF2-B445-4CD9-AB72-C1FDDB1E180E}"
EndProject
Project("{FAE04EC0-301F-11D3-BF4B-00C04F79EFBC}") = "LAB_4", "LAB_4\LAB_4.csproj", "{1A2712CD-9D07-41B5-A4B2-C2530F18431D}"
EndProject
Global
	GlobalSection(SolutionConfigurationPlatforms) = preSolution
		Debug|Any CPU = Debug|Any CPU
		Release|Any CPU = Release|Any CPU
	EndGlobalSection
	GlobalSection(ProjectConfigurationPlatforms) = postSolution
		{151CC344-F0D4-4E69-AB20-16E530453904}.Debug|Any CPU.ActiveCfg = Debug|Any CPU
		{151CC344-F0D4-4E69-AB20-16E530453904}.Debug|Any CPU.Build.0 = Debug|Any CPU
		{151CC344-F0D4-4E69-AB20-16E530453904}.Release|Any CPU.ActiveCfg = Release|Any CPU
		{151CC344-F0D4-4E69-AB20-16E530453904}.Release|Any CPU.Build.0 = Release|Any CPU
		{6C3F2CF2-B445-4CD9-AB72-C1FDDB1E180E}.Debug|Any CPU.ActiveCfg = Debug|Any CPU
		{6C3F2CF2-B445-4CD9-AB72-C1FDDB1E180E}.Debug|Any CPU.Build.0 = Debug|Any CPU
		{6C3F2CF2-B445-4CD9-AB72-C1FDDB1E180E}.Release|Any CPU.ActiveCfg = Release|Any CPU
		{6C3F2CF2-B445-4CD9-AB72-C1FDDB1E180E}.Release|Any CPU.Build.0 = Release|Any CPU
		{1A2712CD-9D07-41B5-A4B2-C2530F18431D}.Debug|Any CPU.ActiveCfg = Debug|Any CPU
		{1A2712CD-9D07-41B5-A4B2-C2530F18431D}.Debug|Any CPU.Build.0 = Debug|Any CPU
		{1A2712CD-9D07-41B5-A4B2-C2530F18431D}.Release|Any CPU.ActiveCfg = Release|Any CPU
		{1A2712CD-9D07-41B5-A4B2-C2530F18431D}.Release|Any CPU.Build.0 = Release|Any CPU
	EndGlobalSection
	GlobalSection(SolutionProperties) = preSolution
		HideSolutionNode = FALSE
	EndGlobalSection
EndGlobal
